// !$*UTF8*$!
{
	archiveVersion = 1;
	classes = {
	};
	objectVersion = 46;
	objects = {

/* Begin PBXBuildFile section */
		214FEBCB1F35086000BC322D /* AppDelegate.swift in Sources */ = {isa = PBXBuildFile; fileRef = 214FEBCA1F35086000BC322D /* AppDelegate.swift */; };
		214FEBCD1F35086000BC322D /* ViewController.swift in Sources */ = {isa = PBXBuildFile; fileRef = 214FEBCC1F35086000BC322D /* ViewController.swift */; };
		214FEBD01F35086000BC322D /* Main.storyboard in Resources */ = {isa = PBXBuildFile; fileRef = 214FEBCE1F35086000BC322D /* Main.storyboard */; };
		214FEBD21F35086000BC322D /* Assets.xcassets in Resources */ = {isa = PBXBuildFile; fileRef = 214FEBD11F35086000BC322D /* Assets.xcassets */; };
		214FEBD51F35086000BC322D /* LaunchScreen.storyboard in Resources */ = {isa = PBXBuildFile; fileRef = 214FEBD31F35086000BC322D /* LaunchScreen.storyboard */; };
/* End PBXBuildFile section */

/* Begin PBXFileReference section */
		214FEBC71F35086000BC322D /* ScrollThePage.app */ = {isa = PBXFileReference; explicitFileType = wrapper.application; includeInIndex = 0; path = ScrollThePage.app; sourceTree = BUILT_PRODUCTS_DIR; };
		214FEBCA1F35086000BC322D /* AppDelegate.swift */ = {isa = PBXFileReference; lastKnownFileType = sourcecode.swift; path = AppDelegate.swift; sourceTree = "<group>"; };
		214FEBCC1F35086000BC322D /* ViewController.swift */ = {isa = PBXFileReference; lastKnownFileType = sourcecode.swift; path = ViewController.swift; sourceTree = "<group>"; };
		214FEBCF1F35086000BC322D /* Base */ = {isa = PBXFileReference; lastKnownFileType = file.storyboard; name = Base; path = Base.lproj/Main.storyboard; sourceTree = "<group>"; };
		214FEBD11F35086000BC322D /* Assets.xcassets */ = {isa = PBXFileReference; lastKnownFileType = folder.assetcatalog; path = Assets.xcassets; sourceTree = "<group>"; };
		214FEBD41F35086000BC322D /* Base */ = {isa = PBXFileReference; lastKnownFileType = file.storyboard; name = Base; path = Base.lproj/LaunchScreen.storyboard; sourceTree = "<group>"; };
		214FEBD61F35086000BC322D /* Info.plist */ = {isa = PBXFileReference; lastKnownFileType = text.plist.xml; path = Info.plist; sourceTree = "<group>"; };
/* End PBXFileReference section */

/* Begin PBXFrameworksBuildPhase section */
		214FEBC41F35086000BC322D /* Frameworks */ = {
			isa = PBXFrameworksBuildPhase;
			buildActionMask = 2147483647;
			files = (
			);
			runOnlyForDeploymentPostprocessing = 0;
		};
/* End PBXFrameworksBuildPhase section */

/* Begin PBXGroup section */
		214FEBBE1F35086000BC322D = {
			isa = PBXGroup;
			children = (
				214FEBC91F35086000BC322D /* ScrollThePage */,
				214FEBC81F35086000BC322D /* Products */,
			);
			sourceTree = "<group>";
		};
		214FEBC81F35086000BC322D /* Products */ = {
			isa = PBXGroup;
			children = (
				214FEBC71F35086000BC322D /* ScrollThePage.app */,
			);
			name = Products;
			sourceTree = "<group>";
		};
		214FEBC91F35086000BC322D /* ScrollThePage */ = {
			isa = PBXGroup;
			children = (
				214FEBCA1F35086000BC322D /* AppDelegate.swift */,
				214FEBCC1F35086000BC322D /* ViewController.swift */,
				214FEBCE1F35086000BC322D /* Main.storyboard */,
				214FEBD11F35086000BC322D /* Assets.xcassets */,
				214FEBD31F35086000BC322D /* LaunchScreen.storyboard */,
				214FEBD61F35086000BC322D /* Info.plist */,
			);
			path = ScrollThePage;
			sourceTree = "<group>";
		};
/* End PBXGroup section */

/* Begin PBXNativeTarget section */
		214FEBC61F35086000BC322D /* ScrollThePage */ = {
			isa = PBXNativeTarget;
			buildConfigurationList = 214FEBD91F35086000BC322D /* Build configuration list for PBXNativeTarget "ScrollThePage" */;
			buildPhases = (
				214FEBC31F35086000BC322D /* Sources */,
				214FEBC41F35086000BC322D /* Frameworks */,
				214FEBC51F35086000BC322D /* Resources */,
			);
			buildRules = (
			);
			dependencies = (
			);
			name = ScrollThePage;
			productName = ScrollThePage;
			productReference = 214FEBC71F35086000BC322D /* ScrollThePage.app */;
			productType = "com.apple.product-type.application";
		};
/* End PBXNativeTarget section */

/* Begin PBXProject section */
		214FEBBF1F35086000BC322D /* Project object */ = {
			isa = PBXProject;
			attributes = {
				LastSwiftUpdateCheck = 0830;
				LastUpgradeCheck = 0830;
				ORGANIZATIONNAME = "Belma Ibrahimbas";
				TargetAttributes = {
					214FEBC61F35086000BC322D = {
						CreatedOnToolsVersion = 8.3.3;
						DevelopmentTeam = 77PRV5J86U;
						ProvisioningStyle = Automatic;
					};
				};
			};
			buildConfigurationList = 214FEBC21F35086000BC322D /* Build configuration list for PBXProject "ScrollThePage" */;
			compatibilityVersion = "Xcode 3.2";
			developmentRegion = English;
			hasScannedForEncodings = 0;
			knownRegions = (
				en,
				Base,
			);
			mainGroup = 214FEBBE1F35086000BC322D;
			productRefGroup = 214FEBC81F35086000BC322D /* Products */;
			projectDirPath = "";
			projectRoot = "";
			targets = (
				214FEBC61F35086000BC322D /* ScrollThePage */,
			);
		};
/* End PBXProject section */

/* Begin PBXResourcesBuildPhase section */
		214FEBC51F35086000BC322D /* Resources */ = {
			isa = PBXResourcesBuildPhase;
			buildActionMask = 2147483647;
			files = (
				214FEBD51F35086000BC322D /* LaunchScreen.storyboard in Resources */,
				214FEBD21F35086000BC322D /* Assets.xcassets in Resources */,
				214FEBD01F35086000BC322D /* Main.storyboard in Resources */,
			);
			runOnlyForDeploymentPostprocessing = 0;
		};
/* End PBXResourcesBuildPhase section */

/* Begin PBXSourcesBuildPhase section */
		214FEBC31F35086000BC322D /* Sources */ = {
			isa = PBXSourcesBuildPhase;
			buildActionMask = 2147483647;
			files = (
				214FEBCD1F35086000BC322D /* ViewController.swift in Sources */,
				214FEBCB1F35086000BC322D /* AppDelegate.swift in Sources */,
			);
			runOnlyForDeploymentPostprocessing = 0;
		};
/* End PBXSourcesBuildPhase section */

/* Begin PBXVariantGroup section */
		214FEBCE1F35086000BC322D /* Main.storyboard */ = {
			isa = PBXVariantGroup;
			children = (
				214FEBCF1F35086000BC322D /* Base */,
			);
			name = Main.storyboard;
			sourceTree = "<group>";
		};
		214FEBD31F35086000BC322D /* LaunchScreen.storyboard */ = {
			isa = PBXVariantGroup;
			children = (
				214FEBD41F35086000BC322D /* Base */,
			);
			name = LaunchScreen.storyboard;
			sourceTree = "<group>";
		};
/* End PBXVariantGroup section */

/* Begin XCBuildConfiguration section */
		214FEBD71F35086000BC322D /* Debug */ = {
			isa = XCBuildConfiguration;
			buildSettings = {
				ALWAYS_SEARCH_USER_PATHS = NO;
				CLANG_ANALYZER_NONNULL = YES;
				CLANG_ANALYZER_NUMBER_OBJECT_CONVERSION = YES_AGGRESSIVE;
				CLANG_CXX_LANGUAGE_STANDARD = "gnu++0x";
				CLANG_CXX_LIBRARY = "libc++";
				CLANG_ENABLE_MODULES = YES;
				CLANG_ENABLE_OBJC_ARC = YES;
				CLANG_WARN_BOOL_CONVERSION = YES;
				CLANG_WARN_CONSTANT_CONVERSION = YES;
				CLANG_WARN_DIRECT_OBJC_ISA_USAGE = YES_ERROR;
				CLANG_WARN_DOCUMENTATION_COMMENTS = YES;
				CLANG_WARN_EMPTY_BODY = YES;
				CLANG_WARN_ENUM_CONVERSION = YES;
				CLANG_WARN_INFINITE_RECURSION = YES;
				CLANG_WARN_INT_CONVERSION = YES;
				CLANG_WARN_OBJC_ROOT_CLASS = YES_ERROR;
				CLANG_WARN_SUSPICIOUS_MOVE = YES;
				CLANG_WARN_UNREACHABLE_CODE = YES;
				CLANG_WARN__DUPLICATE_METHOD_MATCH = YES;
				"CODE_SIGN_IDENTITY[sdk=iphoneos*]" = "iPhone Developer";
				COPY_PHASE_STRIP = NO;
				DEBUG_INFORMATION_FORMAT = dwarf;
				ENABLE_STRICT_OBJC_MSGSEND = YES;
				ENABLE_TESTABILITY = YES;
				GCC_C_LANGUAGE_STANDARD = gnu99;
				GCC_DYNAMIC_NO_PIC = NO;
				GCC_NO_COMMON_BLOCKS = YES;
				GCC_OPTIMIZATION_LEVEL = 0;
				GCC_PREPROCESSOR_DEFINITIONS = (
					"DEBUG=1",
					"$(inherited)",
				);
				GCC_WARN_64_TO_32_BIT_CONVERSION = YES;
				GCC_WARN_ABOUT_RETURN_TYPE = YES_ERROR;
				GCC_WARN_UNDECLARED_SELECTOR = YES;
				GCC_WARN_UNINITIALIZED_AUTOS = YES_AGGRESSIVE;
				GCC_WARN_UNUSED_FUNCTION = YES;
				GCC_WARN_UNUSED_VARIABLE = YES;
				IPHONEOS_DEPLOYMENT_TARGET = 10.3;
				MTL_ENABLE_DEBUG_INFO = YES;
				ONLY_ACTIVE_ARCH = YES;
				SDKROOT = iphoneos;
				SWIFT_ACTIVE_COMPILATION_CONDITIONS = DEBUG;
				SWIFT_OPTIMIZATION_LEVEL = "-Onone";
				TARGETED_DEVICE_FAMILY = "1,2";
			};
			name = Debug;
		};
		214FEBD81F35086000BC322D /* Release */ = {
			isa = XCBuildConfiguration;
			buildSettings = {
				ALWAYS_SEARCH_USER_PATHS = NO;
				CLANG_ANALYZER_NONNULL = YES;
				CLANG_ANALYZER_NUMBER_OBJECT_CONVERSION = YES_AGGRESSIVE;
				CLANG_CXX_LANGUAGE_STANDARD = "gnu++0x";
				CLANG_CXX_LIBRARY = "libc++";
				CLANG_ENABLE_MODULES = YES;
				CLANG_ENABLE_OBJC_ARC = YES;
				CLANG_WARN_BOOL_CONVERSION = YES;
				CLANG_WARN_CONSTANT_CONVERSION = YES;
				CLANG_WARN_DIRECT_OBJC_ISA_USAGE = YES_ERROR;
				CLANG_WARN_DOCUMENTATION_COMMENTS = YES;
				CLANG_WARN_EMPTY_BODY = YES;
				CLANG_WARN_ENUM_CONVERSION = YES;
				CLANG_WARN_INFINITE_RECURSION = YES;
				CLANG_WARN_INT_CONVERSION = YES;
				CLANG_WARN_OBJC_ROOT_CLASS = YES_ERROR;
				CLANG_WARN_SUSPICIOUS_MOVE = YES;
				CLANG_WARN_UNREACHABLE_CODE = YES;
				CLANG_WARN__DUPLICATE_METHOD_MATCH = YES;
				"CODE_SIGN_IDENTITY[sdk=iphoneos*]" = "iPhone Developer";
				COPY_PHASE_STRIP = NO;
				DEBUG_INFORMATION_FORMAT = "dwarf-with-dsym";
				ENABLE_NS_ASSERTIONS = NO;
				ENABLE_STRICT_OBJC_MSGSEND = YES;
				GCC_C_LANGUAGE_STANDARD = gnu99;
				GCC_NO_COMMON_BLOCKS = YES;
				GCC_WARN_64_TO_32_BIT_CONVERSION = YES;
				GCC_WARN_ABOUT_RETURN_TYPE = YES_ERROR;
				GCC_WARN_UNDECLARED_SELECTOR = YES;
				GCC_WARN_UNINITIALIZED_AUTOS = YES_AGGRESSIVE;
				GCC_WARN_UNUSED_FUNCTION = YES;
				GCC_WARN_UNUSED_VARIABLE = YES;
				IPHONEOS_DEPLOYMENT_TARGET = 10.3;
				MTL_ENABLE_DEBUG_INFO = NO;
				SDKROOT = iphoneos;
				SWIFT_OPTIMIZATION_LEVEL = "-Owholemodule";
				TARGETED_DEVICE_FAMILY = "1,2";
				VALIDATE_PRODUCT = YES;
			};
			name = Release;
		};
		214FEBDA1F35086000BC322D /* Debug */ = {
			isa = XCBuildConfiguration;
			buildSettings = {
				ASSETCATALOG_COMPILER_APPICON_NAME = AppIcon;
				DEVELOPMENT_TEAM = 77PRV5J86U;
				INFOPLIST_FILE = ScrollThePage/Info.plist;
				LD_RUNPATH_SEARCH_PATHS = "$(inherited) @executable_path/Frameworks";
				PRODUCT_BUNDLE_IDENTIFIER = belma.ibrahimbas.constraints.20170208.ScrollThePage;
				PRODUCT_NAME = "$(TARGET_NAME)";
				SWIFT_VERSION = 3.0;
			};
			name = Debug;
		};
		214FEBDB1F35086000BC322D /* Release */ = {
			isa = XCBuildConfiguration;
			buildSettings = {
				ASSETCATALOG_COMPILER_APPICON_NAME = AppIcon;
				DEVELOPMENT_TEAM = 77PRV5J86U;
				INFOPLIST_FILE = ScrollThePage/Info.plist;
				LD_RUNPATH_SEARCH_PATHS = "$(inherited) @executable_path/Frameworks";
				PRODUCT_BUNDLE_IDENTIFIER = belma.ibrahimbas.constraints.20170208.ScrollThePage;
				PRODUCT_NAME = "$(TARGET_NAME)";
				SWIFT_VERSION = 3.0;
			};
			name = Release;
		};
/* End XCBuildConfiguration section */

/* Begin XCConfigurationList section */
		214FEBC21F35086000BC322D /* Build configuration list for PBXProject "ScrollThePage" */ = {
			isa = XCConfigurationList;
			buildConfigurations = (
				214FEBD71F35086000BC322D /* Debug */,
				214FEBD81F35086000BC322D /* Release */,
			);
			defaultConfigurationIsVisible = 0;
			defaultConfigurationName = Release;
		};
		214FEBD91F35086000BC322D /* Build configuration list for PBXNativeTarget "ScrollThePage" */ = {
			isa = XCConfigurationList;
			buildConfigurations = (
				214FEBDA1F35086000BC322D /* Debug */,
				214FEBDB1F35086000BC322D /* Release */,
			);
			defaultConfigurationIsVisible = 0;
		};
/* End XCConfigurationList section */
	};
	rootObject = 214FEBBF1F35086000BC322D /* Project object */;
}
